
Microsoft Visual Studio Solution File, Format Version 12.00
# Visual Studio Version 17
VisualStudioVersion = 17.4.33205.214
MinimumVisualStudioVersion = 10.0.40219.1
Project("{FAE04EC0-301F-11D3-BF4B-00C04F79EFBC}") = "Pratik_VKI", "Pratik_VKI\Pratik_VKI.csproj", "{BF3E0FF1-0E0C-458D-B974-4E02E7BF5B08}"
EndProject
Global
	GlobalSection(SolutionConfigurationPlatforms) = preSolution
		Debug|Any CPU = Debug|Any CPU
		Release|Any CPU = Release|Any CPU
	EndGlobalSection
	GlobalSection(ProjectConfigurationPlatforms) = postSolution
		{BF3E0FF1-0E0C-458D-B974-4E02E7BF5B08}.Debug|Any CPU.ActiveCfg = Debug|Any CPU
		{BF3E0FF1-0E0C-458D-B974-4E02E7BF5B08}.Debug|Any CPU.Build.0 = Debug|Any CPU
		{BF3E0FF1-0E0C-458D-B974-4E02E7BF5B08}.Release|Any CPU.ActiveCfg = Release|Any CPU
		{BF3E0FF1-0E0C-458D-B974-4E02E7BF5B08}.Release|Any CPU.Build.0 = Release|Any CPU
	EndGlobalSection
	GlobalSection(SolutionProperties) = preSolution
		HideSolutionNode = FALSE
	EndGlobalSection
	GlobalSection(ExtensibilityGlobals) = postSolution
		SolutionGuid = {CB6D83AB-DDA1-48D1-AE3B-57F9337AF1A1}
	EndGlobalSection
EndGlobal
